
Microsoft Visual Studio Solution File, Format Version 12.00
# Visual Studio 15
VisualStudioVersion = 15.0.28307.1758
MinimumVisualStudioVersion = 10.0.40219.1
Project("{FAE04EC0-301F-11D3-BF4B-00C04F79EFBC}") = "QLdancu", "QLdancu\QLdancu.csproj", "{7D2D7044-EF39-4EFC-8F18-556AE8434CFC}"
EndProject
Global
	GlobalSection(SolutionConfigurationPlatforms) = preSolution
		Debug|Any CPU = Debug|Any CPU
		Release|Any CPU = Release|Any CPU
	EndGlobalSection
	GlobalSection(ProjectConfigurationPlatforms) = postSolution
		{7D2D7044-EF39-4EFC-8F18-556AE8434CFC}.Debug|Any CPU.ActiveCfg = Debug|Any CPU
		{7D2D7044-EF39-4EFC-8F18-556AE8434CFC}.Debug|Any CPU.Build.0 = Debug|Any CPU
		{7D2D7044-EF39-4EFC-8F18-556AE8434CFC}.Release|Any CPU.ActiveCfg = Release|Any CPU
		{7D2D7044-EF39-4EFC-8F18-556AE8434CFC}.Release|Any CPU.Build.0 = Release|Any CPU
	EndGlobalSection
	GlobalSection(SolutionProperties) = preSolution
		HideSolutionNode = FALSE
	EndGlobalSection
	GlobalSection(ExtensibilityGlobals) = postSolution
		SolutionGuid = {5741D016-03D0-4AD7-AC4E-564FA91DC5A4}
	EndGlobalSection
EndGlobal
